// !$*UTF8*$!
{
	archiveVersion = 1;
	classes = {
	};
	objectVersion = 55;
	objects = {

/* Begin PBXBuildFile section */
		8A59C70D2727322500875A5C /* RemoteHorsesTodayLoader.swift in Sources */ = {isa = PBXBuildFile; fileRef = 8A59C70C2727322500875A5C /* RemoteHorsesTodayLoader.swift */; };
		8A59C7152727D69200875A5C /* HorsesTodayLoader.swift in Sources */ = {isa = PBXBuildFile; fileRef = 8A59C7142727D69200875A5C /* HorsesTodayLoader.swift */; };
		8A59C7172727D86000875A5C /* HorsesTodayDetailsLoader.swift in Sources */ = {isa = PBXBuildFile; fileRef = 8A59C7162727D86000875A5C /* HorsesTodayDetailsLoader.swift */; };
		8A59C71B2727DC1F00875A5C /* LocalApiClient.swift in Sources */ = {isa = PBXBuildFile; fileRef = 8A59C71A2727DC1F00875A5C /* LocalApiClient.swift */; };
		8A59C71F2727DC7600875A5C /* LocalHorsesTodayLoader.swift in Sources */ = {isa = PBXBuildFile; fileRef = 8A59C71E2727DC7600875A5C /* LocalHorsesTodayLoader.swift */; };
		8A59C7212727DCB800875A5C /* LocalApiClient+HorsesTodayExtention.swift in Sources */ = {isa = PBXBuildFile; fileRef = 8A59C7202727DCB800875A5C /* LocalApiClient+HorsesTodayExtention.swift */; };
		8A59C7232727DD0B00875A5C /* LocalApiHorsesTodayDetailsLoader.swift in Sources */ = {isa = PBXBuildFile; fileRef = 8A59C7222727DD0B00875A5C /* LocalApiHorsesTodayDetailsLoader.swift */; };
		8A59C7252727DD3300875A5C /* LocalApiClient+HorsesTodayDetailsExtention.swift in Sources */ = {isa = PBXBuildFile; fileRef = 8A59C7242727DD3300875A5C /* LocalApiClient+HorsesTodayDetailsExtention.swift */; };
		8A6139C7271A2D4C00FBD5F5 /* HorsePlannerApp.swift in Sources */ = {isa = PBXBuildFile; fileRef = 8A6139C6271A2D4C00FBD5F5 /* HorsePlannerApp.swift */; };
		8A6139C9271A2D4C00FBD5F5 /* ContentView.swift in Sources */ = {isa = PBXBuildFile; fileRef = 8A6139C8271A2D4C00FBD5F5 /* ContentView.swift */; };
		8A6139CB271A2D4D00FBD5F5 /* Assets.xcassets in Resources */ = {isa = PBXBuildFile; fileRef = 8A6139CA271A2D4D00FBD5F5 /* Assets.xcassets */; };
		8A6139CE271A2D4D00FBD5F5 /* Preview Assets.xcassets in Resources */ = {isa = PBXBuildFile; fileRef = 8A6139CD271A2D4D00FBD5F5 /* Preview Assets.xcassets */; };
		8A6139D5271B73D800FBD5F5 /* horsesToday.json in Resources */ = {isa = PBXBuildFile; fileRef = 8A6139D4271B73D800FBD5F5 /* horsesToday.json */; };
		8A6139D7271B753100FBD5F5 /* Horse.swift in Sources */ = {isa = PBXBuildFile; fileRef = 8A6139D6271B753100FBD5F5 /* Horse.swift */; };
		8A6139D9271B77E100FBD5F5 /* ModelData.swift in Sources */ = {isa = PBXBuildFile; fileRef = 8A6139D8271B77E100FBD5F5 /* ModelData.swift */; };
		8A6139DE271B78DF00FBD5F5 /* HorsesTodayRow.swift in Sources */ = {isa = PBXBuildFile; fileRef = 8A6139DD271B78DF00FBD5F5 /* HorsesTodayRow.swift */; };
		8A640005272864F200116737 /* RemoteApiHorsesTodayDetailsLoader.swift in Sources */ = {isa = PBXBuildFile; fileRef = 8A640003272864F200116737 /* RemoteApiHorsesTodayDetailsLoader.swift */; };
		8A640006272864F200116737 /* RemoteApiClient+HorsesTodayDetailExtention.swift in Sources */ = {isa = PBXBuildFile; fileRef = 8A640004272864F200116737 /* RemoteApiClient+HorsesTodayDetailExtention.swift */; };
		8A6400082728655800116737 /* RemoteWithLocalFallbackHorsesTodayLoader.swift in Sources */ = {isa = PBXBuildFile; fileRef = 8A6400072728655800116737 /* RemoteWithLocalFallbackHorsesTodayLoader.swift */; };
		8A64FFFF272861D800116737 /* horsesTodayDetail.json in Resources */ = {isa = PBXBuildFile; fileRef = 8A59C7262727E9AD00875A5C /* horsesTodayDetail.json */; };
		8AAFB8792725DF510001673A /* RemoteApiClient.swift in Sources */ = {isa = PBXBuildFile; fileRef = 8AAFB8782725DF510001673A /* RemoteApiClient.swift */; };
		8AAFB87C2725E0040001673A /* HorsesTodayViewModel.swift in Sources */ = {isa = PBXBuildFile; fileRef = 8AAFB87B2725E0040001673A /* HorsesTodayViewModel.swift */; };
		8AAFB87E2725E0480001673A /* RemoteApiClient+HorsesTodayExtention.swift in Sources */ = {isa = PBXBuildFile; fileRef = 8AAFB87D2725E0480001673A /* RemoteApiClient+HorsesTodayExtention.swift */; };
		8AAFB8812725E1260001673A /* Arbitrary.swift in Sources */ = {isa = PBXBuildFile; fileRef = 8AAFB8802725E1260001673A /* Arbitrary.swift */; };
		8AAFB8832725E4F80001673A /* HorsesTodayDetailViewModel.swift in Sources */ = {isa = PBXBuildFile; fileRef = 8AAFB8822725E4F80001673A /* HorsesTodayDetailViewModel.swift */; };
		8AC038FD271B7F3100DF27AD /* HorsesTodayList.swift in Sources */ = {isa = PBXBuildFile; fileRef = 8AC038FC271B7F3100DF27AD /* HorsesTodayList.swift */; };
		8AC038FF271B85BB00DF27AD /* HorsesTodayDetail.swift in Sources */ = {isa = PBXBuildFile; fileRef = 8AC038FE271B85BB00DF27AD /* HorsesTodayDetail.swift */; };
		8AC03901271B872D00DF27AD /* CircleImage.swift in Sources */ = {isa = PBXBuildFile; fileRef = 8AC03900271B872D00DF27AD /* CircleImage.swift */; };
/* End PBXBuildFile section */

/* Begin PBXFileReference section */
		8A59C70C2727322500875A5C /* RemoteHorsesTodayLoader.swift */ = {isa = PBXFileReference; lastKnownFileType = sourcecode.swift; path = RemoteHorsesTodayLoader.swift; sourceTree = "<group>"; };
		8A59C7142727D69200875A5C /* HorsesTodayLoader.swift */ = {isa = PBXFileReference; lastKnownFileType = sourcecode.swift; path = HorsesTodayLoader.swift; sourceTree = "<group>"; };
		8A59C7162727D86000875A5C /* HorsesTodayDetailsLoader.swift */ = {isa = PBXFileReference; lastKnownFileType = sourcecode.swift; path = HorsesTodayDetailsLoader.swift; sourceTree = "<group>"; };
		8A59C71A2727DC1F00875A5C /* LocalApiClient.swift */ = {isa = PBXFileReference; lastKnownFileType = sourcecode.swift; path = LocalApiClient.swift; sourceTree = "<group>"; };
		8A59C71E2727DC7600875A5C /* LocalHorsesTodayLoader.swift */ = {isa = PBXFileReference; lastKnownFileType = sourcecode.swift; path = LocalHorsesTodayLoader.swift; sourceTree = "<group>"; };
		8A59C7202727DCB800875A5C /* LocalApiClient+HorsesTodayExtention.swift */ = {isa = PBXFileReference; lastKnownFileType = sourcecode.swift; path = "LocalApiClient+HorsesTodayExtention.swift"; sourceTree = "<group>"; };
		8A59C7222727DD0B00875A5C /* LocalApiHorsesTodayDetailsLoader.swift */ = {isa = PBXFileReference; lastKnownFileType = sourcecode.swift; path = LocalApiHorsesTodayDetailsLoader.swift; sourceTree = "<group>"; };
		8A59C7242727DD3300875A5C /* LocalApiClient+HorsesTodayDetailsExtention.swift */ = {isa = PBXFileReference; lastKnownFileType = sourcecode.swift; path = "LocalApiClient+HorsesTodayDetailsExtention.swift"; sourceTree = "<group>"; };
		8A59C7262727E9AD00875A5C /* horsesTodayDetail.json */ = {isa = PBXFileReference; lastKnownFileType = text.json; path = horsesTodayDetail.json; sourceTree = "<group>"; };
		8A6139C3271A2D4C00FBD5F5 /* HorsePlanner.app */ = {isa = PBXFileReference; explicitFileType = wrapper.application; includeInIndex = 0; path = HorsePlanner.app; sourceTree = BUILT_PRODUCTS_DIR; };
		8A6139C6271A2D4C00FBD5F5 /* HorsePlannerApp.swift */ = {isa = PBXFileReference; lastKnownFileType = sourcecode.swift; path = HorsePlannerApp.swift; sourceTree = "<group>"; };
		8A6139C8271A2D4C00FBD5F5 /* ContentView.swift */ = {isa = PBXFileReference; lastKnownFileType = sourcecode.swift; path = ContentView.swift; sourceTree = "<group>"; };
		8A6139CA271A2D4D00FBD5F5 /* Assets.xcassets */ = {isa = PBXFileReference; lastKnownFileType = folder.assetcatalog; path = Assets.xcassets; sourceTree = "<group>"; };
		8A6139CD271A2D4D00FBD5F5 /* Preview Assets.xcassets */ = {isa = PBXFileReference; lastKnownFileType = folder.assetcatalog; path = "Preview Assets.xcassets"; sourceTree = "<group>"; };
		8A6139D4271B73D800FBD5F5 /* horsesToday.json */ = {isa = PBXFileReference; lastKnownFileType = text.json; path = horsesToday.json; sourceTree = "<group>"; };
		8A6139D6271B753100FBD5F5 /* Horse.swift */ = {isa = PBXFileReference; lastKnownFileType = sourcecode.swift; path = Horse.swift; sourceTree = "<group>"; };
		8A6139D8271B77E100FBD5F5 /* ModelData.swift */ = {isa = PBXFileReference; lastKnownFileType = sourcecode.swift; path = ModelData.swift; sourceTree = "<group>"; };
		8A6139DD271B78DF00FBD5F5 /* HorsesTodayRow.swift */ = {isa = PBXFileReference; lastKnownFileType = sourcecode.swift; path = HorsesTodayRow.swift; sourceTree = "<group>"; };
		8A640003272864F200116737 /* RemoteApiHorsesTodayDetailsLoader.swift */ = {isa = PBXFileReference; fileEncoding = 4; lastKnownFileType = sourcecode.swift; path = RemoteApiHorsesTodayDetailsLoader.swift; sourceTree = "<group>"; };
		8A640004272864F200116737 /* RemoteApiClient+HorsesTodayDetailExtention.swift */ = {isa = PBXFileReference; fileEncoding = 4; lastKnownFileType = sourcecode.swift; path = "RemoteApiClient+HorsesTodayDetailExtention.swift"; sourceTree = "<group>"; };
		8A6400072728655800116737 /* RemoteWithLocalFallbackHorsesTodayLoader.swift */ = {isa = PBXFileReference; lastKnownFileType = sourcecode.swift; path = RemoteWithLocalFallbackHorsesTodayLoader.swift; sourceTree = "<group>"; };
		8AAFB8782725DF510001673A /* RemoteApiClient.swift */ = {isa = PBXFileReference; lastKnownFileType = sourcecode.swift; path = RemoteApiClient.swift; sourceTree = "<group>"; };
		8AAFB87B2725E0040001673A /* HorsesTodayViewModel.swift */ = {isa = PBXFileReference; lastKnownFileType = sourcecode.swift; path = HorsesTodayViewModel.swift; sourceTree = "<group>"; };
		8AAFB87D2725E0480001673A /* RemoteApiClient+HorsesTodayExtention.swift */ = {isa = PBXFileReference; lastKnownFileType = sourcecode.swift; path = "RemoteApiClient+HorsesTodayExtention.swift"; sourceTree = "<group>"; };
		8AAFB8802725E1260001673A /* Arbitrary.swift */ = {isa = PBXFileReference; lastKnownFileType = sourcecode.swift; path = Arbitrary.swift; sourceTree = "<group>"; };
		8AAFB8822725E4F80001673A /* HorsesTodayDetailViewModel.swift */ = {isa = PBXFileReference; lastKnownFileType = sourcecode.swift; path = HorsesTodayDetailViewModel.swift; sourceTree = "<group>"; };
		8AC038FC271B7F3100DF27AD /* HorsesTodayList.swift */ = {isa = PBXFileReference; lastKnownFileType = sourcecode.swift; path = HorsesTodayList.swift; sourceTree = "<group>"; };
		8AC038FE271B85BB00DF27AD /* HorsesTodayDetail.swift */ = {isa = PBXFileReference; lastKnownFileType = sourcecode.swift; path = HorsesTodayDetail.swift; sourceTree = "<group>"; };
		8AC03900271B872D00DF27AD /* CircleImage.swift */ = {isa = PBXFileReference; lastKnownFileType = sourcecode.swift; path = CircleImage.swift; sourceTree = "<group>"; };
/* End PBXFileReference section */

/* Begin PBXFrameworksBuildPhase section */
		8A6139C0271A2D4C00FBD5F5 /* Frameworks */ = {
			isa = PBXFrameworksBuildPhase;
			buildActionMask = 2147483647;
			files = (
			);
			runOnlyForDeploymentPostprocessing = 0;
		};
/* End PBXFrameworksBuildPhase section */

/* Begin PBXGroup section */
		8A59C70A272731D900875A5C /* ApiModule */ = {
			isa = PBXGroup;
			children = (
				8A59C7192727DBDC00875A5C /* LocalApiClient */,
				8AAFB8772725DF430001673A /* RemoteApiClient */,
			);
			path = ApiModule;
			sourceTree = "<group>";
		};
		8A59C7102727333500875A5C /* HorsesToday */ = {
			isa = PBXGroup;
			children = (
				8A59C70C2727322500875A5C /* RemoteHorsesTodayLoader.swift */,
				8AAFB87D2725E0480001673A /* RemoteApiClient+HorsesTodayExtention.swift */,
			);
			path = HorsesToday;
			sourceTree = "<group>";
		};
		8A59C7182727DB2E00875A5C /* ViewModule */ = {
			isa = PBXGroup;
			children = (
				8AAFB872272578400001673A /* HorsesToday */,
				8AAFB874272578650001673A /* HorsesTodayDetail */,
			);
			path = ViewModule;
			sourceTree = "<group>";
		};
		8A59C7192727DBDC00875A5C /* LocalApiClient */ = {
			isa = PBXGroup;
			children = (
				8A59C71C2727DC3900875A5C /* HorsesToday */,
				8A59C71D2727DC4500875A5C /* HorsesTodayDetails */,
				8A59C71A2727DC1F00875A5C /* LocalApiClient.swift */,
			);
			path = LocalApiClient;
			sourceTree = "<group>";
		};
		8A59C71C2727DC3900875A5C /* HorsesToday */ = {
			isa = PBXGroup;
			children = (
				8A59C71E2727DC7600875A5C /* LocalHorsesTodayLoader.swift */,
				8A59C7202727DCB800875A5C /* LocalApiClient+HorsesTodayExtention.swift */,
			);
			path = HorsesToday;
			sourceTree = "<group>";
		};
		8A59C71D2727DC4500875A5C /* HorsesTodayDetails */ = {
			isa = PBXGroup;
			children = (
				8A59C7222727DD0B00875A5C /* LocalApiHorsesTodayDetailsLoader.swift */,
				8A59C7242727DD3300875A5C /* LocalApiClient+HorsesTodayDetailsExtention.swift */,
			);
			path = HorsesTodayDetails;
			sourceTree = "<group>";
		};
		8A6139BA271A2D4C00FBD5F5 = {
			isa = PBXGroup;
			children = (
				8A6139C5271A2D4C00FBD5F5 /* HorsePlanner */,
				8A6139C4271A2D4C00FBD5F5 /* Products */,
			);
			sourceTree = "<group>";
		};
		8A6139C4271A2D4C00FBD5F5 /* Products */ = {
			isa = PBXGroup;
			children = (
				8A6139C3271A2D4C00FBD5F5 /* HorsePlanner.app */,
			);
			name = Products;
			sourceTree = "<group>";
		};
		8A6139C5271A2D4C00FBD5F5 /* HorsePlanner */ = {
			isa = PBXGroup;
			children = (
				8A6400092728663600116737 /* Services */,
				8A59C70A272731D900875A5C /* ApiModule */,
				8A59C7182727DB2E00875A5C /* ViewModule */,
				8AAFB87F2725E1110001673A /* DummyHelpers */,
				8AAFB8762725DEA30001673A /* CommonViews */,
				8A6139C6271A2D4C00FBD5F5 /* HorsePlannerApp.swift */,
				8A6139DA271B787D00FBD5F5 /* Views */,
				8A6139DB271B788D00FBD5F5 /* Resources */,
				8A6139DC271B78A500FBD5F5 /* Model */,
				8A6139CA271A2D4D00FBD5F5 /* Assets.xcassets */,
				8A6139CC271A2D4D00FBD5F5 /* Preview Content */,
			);
			path = HorsePlanner;
			sourceTree = "<group>";
		};
		8A6139CC271A2D4D00FBD5F5 /* Preview Content */ = {
			isa = PBXGroup;
			children = (
				8A6139CD271A2D4D00FBD5F5 /* Preview Assets.xcassets */,
			);
			path = "Preview Content";
			sourceTree = "<group>";
		};
		8A6139DA271B787D00FBD5F5 /* Views */ = {
			isa = PBXGroup;
			children = (
				8A6139C8271A2D4C00FBD5F5 /* ContentView.swift */,
			);
			path = Views;
			sourceTree = "<group>";
		};
		8A6139DB271B788D00FBD5F5 /* Resources */ = {
			isa = PBXGroup;
			children = (
				8A6139D4271B73D800FBD5F5 /* horsesToday.json */,
				8A59C7262727E9AD00875A5C /* horsesTodayDetail.json */,
			);
			path = Resources;
			sourceTree = "<group>";
		};
		8A6139DC271B78A500FBD5F5 /* Model */ = {
			isa = PBXGroup;
			children = (
				8A6139D6271B753100FBD5F5 /* Horse.swift */,
				8A6139D8271B77E100FBD5F5 /* ModelData.swift */,
			);
			path = Model;
			sourceTree = "<group>";
		};
		8A640002272864BC00116737 /* HorsesTodayDetails */ = {
			isa = PBXGroup;
			children = (
				8A640003272864F200116737 /* RemoteApiHorsesTodayDetailsLoader.swift */,
				8A640004272864F200116737 /* RemoteApiClient+HorsesTodayDetailExtention.swift */,
			);
			path = HorsesTodayDetails;
			sourceTree = "<group>";
		};
		8A6400092728663600116737 /* Services */ = {
			isa = PBXGroup;
			children = (
				8A64000A2728663F00116737 /* HorsesToday */,
			);
			path = Services;
			sourceTree = "<group>";
		};
		8A64000A2728663F00116737 /* HorsesToday */ = {
			isa = PBXGroup;
			children = (
				8A6400072728655800116737 /* RemoteWithLocalFallbackHorsesTodayLoader.swift */,
			);
			path = HorsesToday;
			sourceTree = "<group>";
		};
		8AAFB872272578400001673A /* HorsesToday */ = {
			isa = PBXGroup;
			children = (
				8AAFB87A2725DFF20001673A /* ViewModel */,
				8AAFB873272578520001673A /* View */,
			);
			path = HorsesToday;
			sourceTree = "<group>";
		};
		8AAFB873272578520001673A /* View */ = {
			isa = PBXGroup;
			children = (
				8AC038FC271B7F3100DF27AD /* HorsesTodayList.swift */,
				8A6139DD271B78DF00FBD5F5 /* HorsesTodayRow.swift */,
			);
			path = View;
			sourceTree = "<group>";
		};
		8AAFB874272578650001673A /* HorsesTodayDetail */ = {
			isa = PBXGroup;
			children = (
				8AAFB8842725E4FD0001673A /* ViewModel */,
				8AAFB875272578850001673A /* View */,
			);
			path = HorsesTodayDetail;
			sourceTree = "<group>";
		};
		8AAFB875272578850001673A /* View */ = {
			isa = PBXGroup;
			children = (
				8AC038FE271B85BB00DF27AD /* HorsesTodayDetail.swift */,
			);
			path = View;
			sourceTree = "<group>";
		};
		8AAFB8762725DEA30001673A /* CommonViews */ = {
			isa = PBXGroup;
			children = (
				8AC03900271B872D00DF27AD /* CircleImage.swift */,
			);
			path = CommonViews;
			sourceTree = "<group>";
		};
		8AAFB8772725DF430001673A /* RemoteApiClient */ = {
			isa = PBXGroup;
			children = (
				8A59C7102727333500875A5C /* HorsesToday */,
				8A640002272864BC00116737 /* HorsesTodayDetails */,
				8AAFB8782725DF510001673A /* RemoteApiClient.swift */,
			);
			path = RemoteApiClient;
			sourceTree = "<group>";
		};
		8AAFB87A2725DFF20001673A /* ViewModel */ = {
			isa = PBXGroup;
			children = (
				8A59C7142727D69200875A5C /* HorsesTodayLoader.swift */,
				8AAFB87B2725E0040001673A /* HorsesTodayViewModel.swift */,
			);
			path = ViewModel;
			sourceTree = "<group>";
		};
		8AAFB87F2725E1110001673A /* DummyHelpers */ = {
			isa = PBXGroup;
			children = (
				8AAFB8802725E1260001673A /* Arbitrary.swift */,
			);
			path = DummyHelpers;
			sourceTree = "<group>";
		};
		8AAFB8842725E4FD0001673A /* ViewModel */ = {
			isa = PBXGroup;
			children = (
				8A59C7162727D86000875A5C /* HorsesTodayDetailsLoader.swift */,
				8AAFB8822725E4F80001673A /* HorsesTodayDetailViewModel.swift */,
			);
			path = ViewModel;
			sourceTree = "<group>";
		};
/* End PBXGroup section */

/* Begin PBXNativeTarget section */
		8A6139C2271A2D4C00FBD5F5 /* HorsePlanner */ = {
			isa = PBXNativeTarget;
			buildConfigurationList = 8A6139D1271A2D4D00FBD5F5 /* Build configuration list for PBXNativeTarget "HorsePlanner" */;
			buildPhases = (
				8A6139BF271A2D4C00FBD5F5 /* Sources */,
				8A6139C0271A2D4C00FBD5F5 /* Frameworks */,
				8A6139C1271A2D4C00FBD5F5 /* Resources */,
			);
			buildRules = (
			);
			dependencies = (
			);
			name = HorsePlanner;
			productName = HorsePlanner;
			productReference = 8A6139C3271A2D4C00FBD5F5 /* HorsePlanner.app */;
			productType = "com.apple.product-type.application";
		};
/* End PBXNativeTarget section */

/* Begin PBXProject section */
		8A6139BB271A2D4C00FBD5F5 /* Project object */ = {
			isa = PBXProject;
			attributes = {
				BuildIndependentTargetsInParallel = 1;
				LastSwiftUpdateCheck = 1300;
				LastUpgradeCheck = 1300;
				TargetAttributes = {
					8A6139C2271A2D4C00FBD5F5 = {
						CreatedOnToolsVersion = 13.0;
					};
				};
			};
			buildConfigurationList = 8A6139BE271A2D4C00FBD5F5 /* Build configuration list for PBXProject "HorsePlanner" */;
			compatibilityVersion = "Xcode 13.0";
			developmentRegion = en;
			hasScannedForEncodings = 0;
			knownRegions = (
				en,
				Base,
			);
			mainGroup = 8A6139BA271A2D4C00FBD5F5;
			productRefGroup = 8A6139C4271A2D4C00FBD5F5 /* Products */;
			projectDirPath = "";
			projectRoot = "";
			targets = (
				8A6139C2271A2D4C00FBD5F5 /* HorsePlanner */,
			);
		};
/* End PBXProject section */

/* Begin PBXResourcesBuildPhase section */
		8A6139C1271A2D4C00FBD5F5 /* Resources */ = {
			isa = PBXResourcesBuildPhase;
			buildActionMask = 2147483647;
			files = (
				8A64FFFF272861D800116737 /* horsesTodayDetail.json in Resources */,
				8A6139CE271A2D4D00FBD5F5 /* Preview Assets.xcassets in Resources */,
				8A6139CB271A2D4D00FBD5F5 /* Assets.xcassets in Resources */,
				8A6139D5271B73D800FBD5F5 /* horsesToday.json in Resources */,
			);
			runOnlyForDeploymentPostprocessing = 0;
		};
/* End PBXResourcesBuildPhase section */

/* Begin PBXSourcesBuildPhase section */
		8A6139BF271A2D4C00FBD5F5 /* Sources */ = {
			isa = PBXSourcesBuildPhase;
			buildActionMask = 2147483647;
			files = (
				8A6139D7271B753100FBD5F5 /* Horse.swift in Sources */,
				8AC03901271B872D00DF27AD /* CircleImage.swift in Sources */,
				8A59C7152727D69200875A5C /* HorsesTodayLoader.swift in Sources */,
				8A59C71F2727DC7600875A5C /* LocalHorsesTodayLoader.swift in Sources */,
				8A640005272864F200116737 /* RemoteApiHorsesTodayDetailsLoader.swift in Sources */,
				8A59C71B2727DC1F00875A5C /* LocalApiClient.swift in Sources */,
				8AAFB87C2725E0040001673A /* HorsesTodayViewModel.swift in Sources */,
				8AAFB8792725DF510001673A /* RemoteApiClient.swift in Sources */,
				8A6139D9271B77E100FBD5F5 /* ModelData.swift in Sources */,
				8AAFB87E2725E0480001673A /* RemoteApiClient+HorsesTodayExtention.swift in Sources */,
				8A59C7172727D86000875A5C /* HorsesTodayDetailsLoader.swift in Sources */,
				8A6400082728655800116737 /* RemoteWithLocalFallbackHorsesTodayLoader.swift in Sources */,
				8A640006272864F200116737 /* RemoteApiClient+HorsesTodayDetailExtention.swift in Sources */,
				8A59C7232727DD0B00875A5C /* LocalApiHorsesTodayDetailsLoader.swift in Sources */,
				8AAFB8832725E4F80001673A /* HorsesTodayDetailViewModel.swift in Sources */,
				8A59C7252727DD3300875A5C /* LocalApiClient+HorsesTodayDetailsExtention.swift in Sources */,
				8A6139C9271A2D4C00FBD5F5 /* ContentView.swift in Sources */,
				8A6139DE271B78DF00FBD5F5 /* HorsesTodayRow.swift in Sources */,
				8A59C70D2727322500875A5C /* RemoteHorsesTodayLoader.swift in Sources */,
				8A59C7212727DCB800875A5C /* LocalApiClient+HorsesTodayExtention.swift in Sources */,
				8A6139C7271A2D4C00FBD5F5 /* HorsePlannerApp.swift in Sources */,
				8AC038FF271B85BB00DF27AD /* HorsesTodayDetail.swift in Sources */,
				8AAFB8812725E1260001673A /* Arbitrary.swift in Sources */,
				8AC038FD271B7F3100DF27AD /* HorsesTodayList.swift in Sources */,
			);
			runOnlyForDeploymentPostprocessing = 0;
		};
/* End PBXSourcesBuildPhase section */

/* Begin XCBuildConfiguration section */
		8A6139CF271A2D4D00FBD5F5 /* Debug */ = {
			isa = XCBuildConfiguration;
			buildSettings = {
				ALWAYS_SEARCH_USER_PATHS = NO;
				CLANG_ANALYZER_NONNULL = YES;
				CLANG_ANALYZER_NUMBER_OBJECT_CONVERSION = YES_AGGRESSIVE;
				CLANG_CXX_LANGUAGE_STANDARD = "gnu++17";
				CLANG_CXX_LIBRARY = "libc++";
				CLANG_ENABLE_MODULES = YES;
				CLANG_ENABLE_OBJC_ARC = YES;
				CLANG_ENABLE_OBJC_WEAK = YES;
				CLANG_WARN_BLOCK_CAPTURE_AUTORELEASING = YES;
				CLANG_WARN_BOOL_CONVERSION = YES;
				CLANG_WARN_COMMA = YES;
				CLANG_WARN_CONSTANT_CONVERSION = YES;
				CLANG_WARN_DEPRECATED_OBJC_IMPLEMENTATIONS = YES;
				CLANG_WARN_DIRECT_OBJC_ISA_USAGE = YES_ERROR;
				CLANG_WARN_DOCUMENTATION_COMMENTS = YES;
				CLANG_WARN_EMPTY_BODY = YES;
				CLANG_WARN_ENUM_CONVERSION = YES;
				CLANG_WARN_INFINITE_RECURSION = YES;
				CLANG_WARN_INT_CONVERSION = YES;
				CLANG_WARN_NON_LITERAL_NULL_CONVERSION = YES;
				CLANG_WARN_OBJC_IMPLICIT_RETAIN_SELF = YES;
				CLANG_WARN_OBJC_LITERAL_CONVERSION = YES;
				CLANG_WARN_OBJC_ROOT_CLASS = YES_ERROR;
				CLANG_WARN_QUOTED_INCLUDE_IN_FRAMEWORK_HEADER = YES;
				CLANG_WARN_RANGE_LOOP_ANALYSIS = YES;
				CLANG_WARN_STRICT_PROTOTYPES = YES;
				CLANG_WARN_SUSPICIOUS_MOVE = YES;
				CLANG_WARN_UNGUARDED_AVAILABILITY = YES_AGGRESSIVE;
				CLANG_WARN_UNREACHABLE_CODE = YES;
				CLANG_WARN__DUPLICATE_METHOD_MATCH = YES;
				COPY_PHASE_STRIP = NO;
				DEBUG_INFORMATION_FORMAT = dwarf;
				ENABLE_STRICT_OBJC_MSGSEND = YES;
				ENABLE_TESTABILITY = YES;
				GCC_C_LANGUAGE_STANDARD = gnu11;
				GCC_DYNAMIC_NO_PIC = NO;
				GCC_NO_COMMON_BLOCKS = YES;
				GCC_OPTIMIZATION_LEVEL = 0;
				GCC_PREPROCESSOR_DEFINITIONS = (
					"DEBUG=1",
					"$(inherited)",
				);
				GCC_WARN_64_TO_32_BIT_CONVERSION = YES;
				GCC_WARN_ABOUT_RETURN_TYPE = YES_ERROR;
				GCC_WARN_UNDECLARED_SELECTOR = YES;
				GCC_WARN_UNINITIALIZED_AUTOS = YES_AGGRESSIVE;
				GCC_WARN_UNUSED_FUNCTION = YES;
				GCC_WARN_UNUSED_VARIABLE = YES;
				IPHONEOS_DEPLOYMENT_TARGET = 13.0;
				MTL_ENABLE_DEBUG_INFO = INCLUDE_SOURCE;
				MTL_FAST_MATH = YES;
				ONLY_ACTIVE_ARCH = YES;
				SDKROOT = iphoneos;
				SWIFT_ACTIVE_COMPILATION_CONDITIONS = DEBUG;
				SWIFT_OPTIMIZATION_LEVEL = "-Onone";
			};
			name = Debug;
		};
		8A6139D0271A2D4D00FBD5F5 /* Release */ = {
			isa = XCBuildConfiguration;
			buildSettings = {
				ALWAYS_SEARCH_USER_PATHS = NO;
				CLANG_ANALYZER_NONNULL = YES;
				CLANG_ANALYZER_NUMBER_OBJECT_CONVERSION = YES_AGGRESSIVE;
				CLANG_CXX_LANGUAGE_STANDARD = "gnu++17";
				CLANG_CXX_LIBRARY = "libc++";
				CLANG_ENABLE_MODULES = YES;
				CLANG_ENABLE_OBJC_ARC = YES;
				CLANG_ENABLE_OBJC_WEAK = YES;
				CLANG_WARN_BLOCK_CAPTURE_AUTORELEASING = YES;
				CLANG_WARN_BOOL_CONVERSION = YES;
				CLANG_WARN_COMMA = YES;
				CLANG_WARN_CONSTANT_CONVERSION = YES;
				CLANG_WARN_DEPRECATED_OBJC_IMPLEMENTATIONS = YES;
				CLANG_WARN_DIRECT_OBJC_ISA_USAGE = YES_ERROR;
				CLANG_WARN_DOCUMENTATION_COMMENTS = YES;
				CLANG_WARN_EMPTY_BODY = YES;
				CLANG_WARN_ENUM_CONVERSION = YES;
				CLANG_WARN_INFINITE_RECURSION = YES;
				CLANG_WARN_INT_CONVERSION = YES;
				CLANG_WARN_NON_LITERAL_NULL_CONVERSION = YES;
				CLANG_WARN_OBJC_IMPLICIT_RETAIN_SELF = YES;
				CLANG_WARN_OBJC_LITERAL_CONVERSION = YES;
				CLANG_WARN_OBJC_ROOT_CLASS = YES_ERROR;
				CLANG_WARN_QUOTED_INCLUDE_IN_FRAMEWORK_HEADER = YES;
				CLANG_WARN_RANGE_LOOP_ANALYSIS = YES;
				CLANG_WARN_STRICT_PROTOTYPES = YES;
				CLANG_WARN_SUSPICIOUS_MOVE = YES;
				CLANG_WARN_UNGUARDED_AVAILABILITY = YES_AGGRESSIVE;
				CLANG_WARN_UNREACHABLE_CODE = YES;
				CLANG_WARN__DUPLICATE_METHOD_MATCH = YES;
				COPY_PHASE_STRIP = NO;
				DEBUG_INFORMATION_FORMAT = "dwarf-with-dsym";
				ENABLE_NS_ASSERTIONS = NO;
				ENABLE_STRICT_OBJC_MSGSEND = YES;
				GCC_C_LANGUAGE_STANDARD = gnu11;
				GCC_NO_COMMON_BLOCKS = YES;
				GCC_WARN_64_TO_32_BIT_CONVERSION = YES;
				GCC_WARN_ABOUT_RETURN_TYPE = YES_ERROR;
				GCC_WARN_UNDECLARED_SELECTOR = YES;
				GCC_WARN_UNINITIALIZED_AUTOS = YES_AGGRESSIVE;
				GCC_WARN_UNUSED_FUNCTION = YES;
				GCC_WARN_UNUSED_VARIABLE = YES;
				IPHONEOS_DEPLOYMENT_TARGET = 13.0;
				MTL_ENABLE_DEBUG_INFO = NO;
				MTL_FAST_MATH = YES;
				SDKROOT = iphoneos;
				SWIFT_COMPILATION_MODE = wholemodule;
				SWIFT_OPTIMIZATION_LEVEL = "-O";
				VALIDATE_PRODUCT = YES;
			};
			name = Release;
		};
		8A6139D2271A2D4D00FBD5F5 /* Debug */ = {
			isa = XCBuildConfiguration;
			buildSettings = {
				ASSETCATALOG_COMPILER_APPICON_NAME = AppIcon;
				ASSETCATALOG_COMPILER_GLOBAL_ACCENT_COLOR_NAME = AccentColor;
				CODE_SIGN_STYLE = Automatic;
				CURRENT_PROJECT_VERSION = 1;
				DEVELOPMENT_ASSET_PATHS = "\"HorsePlanner/Preview Content\"";
				DEVELOPMENT_TEAM = SK5TU5YA87;
				ENABLE_PREVIEWS = YES;
				GENERATE_INFOPLIST_FILE = YES;
				INFOPLIST_KEY_UIApplicationSceneManifest_Generation = YES;
				INFOPLIST_KEY_UIApplicationSupportsIndirectInputEvents = YES;
				INFOPLIST_KEY_UILaunchScreen_Generation = YES;
				INFOPLIST_KEY_UISupportedInterfaceOrientations_iPad = "UIInterfaceOrientationPortrait UIInterfaceOrientationPortraitUpsideDown UIInterfaceOrientationLandscapeLeft UIInterfaceOrientationLandscapeRight";
				INFOPLIST_KEY_UISupportedInterfaceOrientations_iPhone = "UIInterfaceOrientationPortrait UIInterfaceOrientationLandscapeLeft UIInterfaceOrientationLandscapeRight";
				IPHONEOS_DEPLOYMENT_TARGET = 14.0;
				LD_RUNPATH_SEARCH_PATHS = (
					"$(inherited)",
					"@executable_path/Frameworks",
				);
				MARKETING_VERSION = 1.0;
				PRODUCT_BUNDLE_IDENTIFIER = ru.kazakovanet.HorsePlanner;
				PRODUCT_NAME = "$(TARGET_NAME)";
				SWIFT_EMIT_LOC_STRINGS = YES;
				SWIFT_VERSION = 5.0;
				TARGETED_DEVICE_FAMILY = "1,2";
			};
			name = Debug;
		};
		8A6139D3271A2D4D00FBD5F5 /* Release */ = {
			isa = XCBuildConfiguration;
			buildSettings = {
				ASSETCATALOG_COMPILER_APPICON_NAME = AppIcon;
				ASSETCATALOG_COMPILER_GLOBAL_ACCENT_COLOR_NAME = AccentColor;
				CODE_SIGN_STYLE = Automatic;
				CURRENT_PROJECT_VERSION = 1;
				DEVELOPMENT_ASSET_PATHS = "\"HorsePlanner/Preview Content\"";
				DEVELOPMENT_TEAM = SK5TU5YA87;
				ENABLE_PREVIEWS = YES;
				GENERATE_INFOPLIST_FILE = YES;
				INFOPLIST_KEY_UIApplicationSceneManifest_Generation = YES;
				INFOPLIST_KEY_UIApplicationSupportsIndirectInputEvents = YES;
				INFOPLIST_KEY_UILaunchScreen_Generation = YES;
				INFOPLIST_KEY_UISupportedInterfaceOrientations_iPad = "UIInterfaceOrientationPortrait UIInterfaceOrientationPortraitUpsideDown UIInterfaceOrientationLandscapeLeft UIInterfaceOrientationLandscapeRight";
				INFOPLIST_KEY_UISupportedInterfaceOrientations_iPhone = "UIInterfaceOrientationPortrait UIInterfaceOrientationLandscapeLeft UIInterfaceOrientationLandscapeRight";
				IPHONEOS_DEPLOYMENT_TARGET = 14.0;
				LD_RUNPATH_SEARCH_PATHS = (
					"$(inherited)",
					"@executable_path/Frameworks",
				);
				MARKETING_VERSION = 1.0;
				PRODUCT_BUNDLE_IDENTIFIER = ru.kazakovanet.HorsePlanner;
				PRODUCT_NAME = "$(TARGET_NAME)";
				SWIFT_EMIT_LOC_STRINGS = YES;
				SWIFT_VERSION = 5.0;
				TARGETED_DEVICE_FAMILY = "1,2";
			};
			name = Release;
		};
/* End XCBuildConfiguration section */

/* Begin XCConfigurationList section */
		8A6139BE271A2D4C00FBD5F5 /* Build configuration list for PBXProject "HorsePlanner" */ = {
			isa = XCConfigurationList;
			buildConfigurations = (
				8A6139CF271A2D4D00FBD5F5 /* Debug */,
				8A6139D0271A2D4D00FBD5F5 /* Release */,
			);
			defaultConfigurationIsVisible = 0;
			defaultConfigurationName = Release;
		};
		8A6139D1271A2D4D00FBD5F5 /* Build configuration list for PBXNativeTarget "HorsePlanner" */ = {
			isa = XCConfigurationList;
			buildConfigurations = (
				8A6139D2271A2D4D00FBD5F5 /* Debug */,
				8A6139D3271A2D4D00FBD5F5 /* Release */,
			);
			defaultConfigurationIsVisible = 0;
			defaultConfigurationName = Release;
		};
/* End XCConfigurationList section */
	};
	rootObject = 8A6139BB271A2D4C00FBD5F5 /* Project object */;
}
